# This file was autogenerated by Stack.
# You should not edit this file by hand.
# For more information, please see the documentation at:
#   https://docs.haskellstack.org/en/stable/lock_files

packages:
- completed:
    name: language-java
    version: 0.2.9
    git: https://github.com/skogsbaer/language-java.git
    pantry-tree:
      size: 4415
      sha256: 0f52c91cd0a420230a9efb3d41c657d146318d3a6c317ec1c07a05a16459c929
    commit: 77f7671e2ed76baa32d982cae565ba88eb5a17af
  original:
    git: https://github.com/skogsbaer/language-java.git
    commit: 77f7671e2ed76baa32d982cae565ba88eb5a17af
snapshots:
- completed:
    size: 534126
    url: https://raw.githubusercontent.com/commercialhaskell/stackage-snapshots/master/lts/16/31.yaml
    sha256: 637fb77049b25560622a224845b7acfe81a09fdb6a96a3c75997a10b651667f6
  original: lts-16.31
