# This file was autogenerated by Stack.
# You should not edit this file by hand.
# For more information, please see the documentation at:
#   https://docs.haskellstack.org/en/stable/lock_files

packages:
- completed:
    commit: 2c58680189f50c3117537bd90b302236b36c5874
    git: /Users/swehr/devel/language-java
    name: language-java
    pantry-tree:
      sha256: 7bd15e27ced5319c933faaea2815b2e20757df5c65beebff7a9d58519ff080e6
      size: 4415
    version: 0.2.9
  original:
    commit: 2c58680189f50c3117537bd90b302236b36c5874
    git: /Users/swehr/devel/language-java
snapshots:
- completed:
    sha256: e8d2623ddf31a11ece3e72633c0b7db97a4dfb93b8c44ab760913bebfd2cf2c4
    size: 636751
    url: https://raw.githubusercontent.com/commercialhaskell/stackage-snapshots/master/nightly/2022/9/26.yaml
  original: nightly-2022-09-26
